// !$*UTF8*$!
{
	archiveVersion = 1;
	classes = {
	};
	objectVersion = 46;
	objects = {

/* Begin PBXBuildFile section */
		2559DE2D1F6AC6D900339F64 /* SDL2.framework in Frameworks */ = {isa = PBXBuildFile; fileRef = 2559DE2C1F6AC6D900339F64 /* SDL2.framework */; settings = {ASSET_TAGS = (); }; };
		2559DEDF1F6AC76F00339F64 /* libEngine.a in Frameworks */ = {isa = PBXBuildFile; fileRef = 2559DEDE1F6AC75D00339F64 /* libEngine.a */; };
		257AE6DF1D78023D00CACB74 /* Pidventure.cpp in Sources */ = {isa = PBXBuildFile; fileRef = 257AE6DD1D78023D00CACB74 /* Pidventure.cpp */; settings = {ASSET_TAGS = (); }; };
		257D92541D794A03006B6512 /* PlayerAvatar.cpp in Sources */ = {isa = PBXBuildFile; fileRef = 257D92521D794A03006B6512 /* PlayerAvatar.cpp */; settings = {ASSET_TAGS = (); }; };
		257D92591D794A63006B6512 /* Player.cpp in Sources */ = {isa = PBXBuildFile; fileRef = 257D92551D794A63006B6512 /* Player.cpp */; settings = {ASSET_TAGS = (); }; };
		257D925A1D794A63006B6512 /* PlayerInventory.cpp in Sources */ = {isa = PBXBuildFile; fileRef = 257D92571D794A63006B6512 /* PlayerInventory.cpp */; settings = {ASSET_TAGS = (); }; };
		258A2EF81DC0F8EC005915CD /* World.cpp in Sources */ = {isa = PBXBuildFile; fileRef = 258A2EF61DC0F8EC005915CD /* World.cpp */; settings = {ASSET_TAGS = (); }; };
		25A44AE71DAFD8E900C6CE0C /* Door.cpp in Sources */ = {isa = PBXBuildFile; fileRef = 25A44AE51DAFD8E900C6CE0C /* Door.cpp */; settings = {ASSET_TAGS = (); }; };
		25F9309A1D81BBD70026DA4C /* background.cpp in Sources */ = {isa = PBXBuildFile; fileRef = 25F930981D81BBD70026DA4C /* background.cpp */; settings = {ASSET_TAGS = (); }; };
		25F930A01D87B8670026DA4C /* Physics.cpp in Sources */ = {isa = PBXBuildFile; fileRef = 25F9309E1D87B8660026DA4C /* Physics.cpp */; settings = {ASSET_TAGS = (); }; };
		25F930A31D890D250026DA4C /* CameraController.cpp in Sources */ = {isa = PBXBuildFile; fileRef = 25F930A11D890D250026DA4C /* CameraController.cpp */; settings = {ASSET_TAGS = (); }; };
		25F930BF1D942CAA0026DA4C /* Animations.cpp in Sources */ = {isa = PBXBuildFile; fileRef = 25F930BD1D942CAA0026DA4C /* Animations.cpp */; settings = {ASSET_TAGS = (); }; };
/* End PBXBuildFile section */

/* Begin PBXContainerItemProxy section */
		2559DEDD1F6AC75D00339F64 /* PBXContainerItemProxy */ = {
			isa = PBXContainerItemProxy;
			containerPortal = 2559DED81F6AC75D00339F64 /* Engine.xcodeproj */;
			proxyType = 2;
			remoteGlobalIDString = 2559DC6F1F6A96E300339F64;
			remoteInfo = Engine;
		};
/* End PBXContainerItemProxy section */

/* Begin PBXCopyFilesBuildPhase section */
		252E53F41D6AC32100E833F6 /* CopyFiles */ = {
			isa = PBXCopyFilesBuildPhase;
			buildActionMask = 2147483647;
			dstPath = /usr/share/man/man1/;
			dstSubfolderSpec = 0;
			files = (
			);
			runOnlyForDeploymentPostprocessing = 1;
		};
/* End PBXCopyFilesBuildPhase section */

/* Begin PBXFileReference section */
		252E53F61D6AC32100E833F6 /* pidventure */ = {isa = PBXFileReference; explicitFileType = "compiled.mach-o.executable"; includeInIndex = 0; path = pidventure; sourceTree = BUILT_PRODUCTS_DIR; };
		2559DE2C1F6AC6D900339F64 /* SDL2.framework */ = {isa = PBXFileReference; lastKnownFileType = wrapper.framework; name = SDL2.framework; path = ../../../../../Library/Frameworks/SDL2.framework; sourceTree = "<group>"; };
		2559DED81F6AC75D00339F64 /* Engine.xcodeproj */ = {isa = PBXFileReference; lastKnownFileType = "wrapper.pb-project"; name = Engine.xcodeproj; path = Engine/Engine.xcodeproj; sourceTree = "<group>"; };
		257AE6DD1D78023D00CACB74 /* Pidventure.cpp */ = {isa = PBXFileReference; fileEncoding = 4; lastKnownFileType = sourcecode.cpp.cpp; name = Pidventure.cpp; path = Pidventure/Pidventure.cpp; sourceTree = "<group>"; };
		257AE6DE1D78023D00CACB74 /* Pidventure.h */ = {isa = PBXFileReference; fileEncoding = 4; lastKnownFileType = sourcecode.c.h; name = Pidventure.h; path = Pidventure/Pidventure.h; sourceTree = "<group>"; };
		257D92521D794A03006B6512 /* PlayerAvatar.cpp */ = {isa = PBXFileReference; fileEncoding = 4; lastKnownFileType = sourcecode.cpp.cpp; name = PlayerAvatar.cpp; path = Pidventure/Player/PlayerAvatar.cpp; sourceTree = "<group>"; };
		257D92531D794A03006B6512 /* PlayerAvatar.h */ = {isa = PBXFileReference; fileEncoding = 4; lastKnownFileType = sourcecode.c.h; name = PlayerAvatar.h; path = Pidventure/Player/PlayerAvatar.h; sourceTree = "<group>"; };
		257D92551D794A63006B6512 /* Player.cpp */ = {isa = PBXFileReference; fileEncoding = 4; lastKnownFileType = sourcecode.cpp.cpp; name = Player.cpp; path = Pidventure/Player/Player.cpp; sourceTree = "<group>"; };
		257D92561D794A63006B6512 /* Player.h */ = {isa = PBXFileReference; fileEncoding = 4; lastKnownFileType = sourcecode.c.h; name = Player.h; path = Pidventure/Player/Player.h; sourceTree = "<group>"; };
		257D92571D794A63006B6512 /* PlayerInventory.cpp */ = {isa = PBXFileReference; fileEncoding = 4; lastKnownFileType = sourcecode.cpp.cpp; name = PlayerInventory.cpp; path = Pidventure/Player/PlayerInventory.cpp; sourceTree = "<group>"; };
		257D92581D794A63006B6512 /* PlayerInventory.h */ = {isa = PBXFileReference; fileEncoding = 4; lastKnownFileType = sourcecode.c.h; name = PlayerInventory.h; path = Pidventure/Player/PlayerInventory.h; sourceTree = "<group>"; };
		258A2EF61DC0F8EC005915CD /* World.cpp */ = {isa = PBXFileReference; fileEncoding = 4; lastKnownFileType = sourcecode.cpp.cpp; name = World.cpp; path = Pidventure/Content/World.cpp; sourceTree = "<group>"; };
		258A2EF71DC0F8EC005915CD /* World.h */ = {isa = PBXFileReference; fileEncoding = 4; lastKnownFileType = sourcecode.c.h; name = World.h; path = Pidventure/Content/World.h; sourceTree = "<group>"; };
		25A44AE31DAE019D00C6CE0C /* Collision.h */ = {isa = PBXFileReference; lastKnownFileType = sourcecode.c.h; name = Collision.h; path = Pidventure/Collision.h; sourceTree = "<group>"; };
		25A44AE51DAFD8E900C6CE0C /* Door.cpp */ = {isa = PBXFileReference; fileEncoding = 4; lastKnownFileType = sourcecode.cpp.cpp; name = Door.cpp; path = Pidventure/Gameplay/Door.cpp; sourceTree = "<group>"; };
		25A44AE61DAFD8E900C6CE0C /* Door.h */ = {isa = PBXFileReference; fileEncoding = 4; lastKnownFileType = sourcecode.c.h; name = Door.h; path = Pidventure/Gameplay/Door.h; sourceTree = "<group>"; };
		25F930981D81BBD70026DA4C /* background.cpp */ = {isa = PBXFileReference; fileEncoding = 4; lastKnownFileType = sourcecode.cpp.cpp; name = background.cpp; path = Pidventure/background.cpp; sourceTree = "<group>"; };
		25F930991D81BBD70026DA4C /* background.h */ = {isa = PBXFileReference; fileEncoding = 4; lastKnownFileType = sourcecode.c.h; name = background.h; path = Pidventure/background.h; sourceTree = "<group>"; };
		25F9309E1D87B8660026DA4C /* Physics.cpp */ = {isa = PBXFileReference; fileEncoding = 4; lastKnownFileType = sourcecode.cpp.cpp; name = Physics.cpp; path = Pidventure/Physics.cpp; sourceTree = "<group>"; };
		25F9309F1D87B8660026DA4C /* Physics.h */ = {isa = PBXFileReference; fileEncoding = 4; lastKnownFileType = sourcecode.c.h; name = Physics.h; path = Pidventure/Physics.h; sourceTree = "<group>"; };
		25F930A11D890D250026DA4C /* CameraController.cpp */ = {isa = PBXFileReference; fileEncoding = 4; lastKnownFileType = sourcecode.cpp.cpp; name = CameraController.cpp; path = Pidventure/CameraController.cpp; sourceTree = "<group>"; };
		25F930A21D890D250026DA4C /* CameraController.h */ = {isa = PBXFileReference; fileEncoding = 4; lastKnownFileType = sourcecode.c.h; name = CameraController.h; path = Pidventure/CameraController.h; sourceTree = "<group>"; };
		25F930BD1D942CAA0026DA4C /* Animations.cpp */ = {isa = PBXFileReference; fileEncoding = 4; lastKnownFileType = sourcecode.cpp.cpp; name = Animations.cpp; path = Pidventure/DataManual/Animations.cpp; sourceTree = "<group>"; };
		25F930BE1D942CAA0026DA4C /* Animations.h */ = {isa = PBXFileReference; fileEncoding = 4; lastKnownFileType = sourcecode.c.h; name = Animations.h; path = Pidventure/DataManual/Animations.h; sourceTree = "<group>"; };
/* End PBXFileReference section */

/* Begin PBXFrameworksBuildPhase section */
		252E53F31D6AC32100E833F6 /* Frameworks */ = {
			isa = PBXFrameworksBuildPhase;
			buildActionMask = 2147483647;
			files = (
				2559DEDF1F6AC76F00339F64 /* libEngine.a in Frameworks */,
				2559DE2D1F6AC6D900339F64 /* SDL2.framework in Frameworks */,
			);
			runOnlyForDeploymentPostprocessing = 0;
		};
/* End PBXFrameworksBuildPhase section */

/* Begin PBXGroup section */
		252E53ED1D6AC32100E833F6 = {
			isa = PBXGroup;
			children = (
				2559DE2C1F6AC6D900339F64 /* SDL2.framework */,
				2559DED81F6AC75D00339F64 /* Engine.xcodeproj */,
				257AE67F1D6B4E8000CACB74 /* Source */,
				252E53F71D6AC32100E833F6 /* Products */,
			);
			sourceTree = "<group>";
		};
		252E53F71D6AC32100E833F6 /* Products */ = {
			isa = PBXGroup;
			children = (
				252E53F61D6AC32100E833F6 /* pidventure */,
			);
			name = Products;
			sourceTree = "<group>";
		};
		2559DED91F6AC75D00339F64 /* Products */ = {
			isa = PBXGroup;
			children = (
				2559DEDE1F6AC75D00339F64 /* libEngine.a */,
			);
			name = Products;
			sourceTree = "<group>";
		};
		257AE67F1D6B4E8000CACB74 /* Source */ = {
			isa = PBXGroup;
			children = (
				257AE6DC1D78022200CACB74 /* Pidventure */,
			);
			name = Source;
			sourceTree = "<group>";
		};
		257AE6DC1D78022200CACB74 /* Pidventure */ = {
			isa = PBXGroup;
			children = (
				25A44AE41DAFD8CB00C6CE0C /* Gameplay */,
				25F930BC1D942C770026DA4C /* DataManual */,
				257D92511D7949D1006B6512 /* Player */,
				257AE6DD1D78023D00CACB74 /* Pidventure.cpp */,
				257AE6DE1D78023D00CACB74 /* Pidventure.h */,
				25F930981D81BBD70026DA4C /* background.cpp */,
				25F930991D81BBD70026DA4C /* background.h */,
				25F9309E1D87B8660026DA4C /* Physics.cpp */,
				25F9309F1D87B8660026DA4C /* Physics.h */,
				25F930A11D890D250026DA4C /* CameraController.cpp */,
				25F930A21D890D250026DA4C /* CameraController.h */,
				25A44AE31DAE019D00C6CE0C /* Collision.h */,
				258A2EF61DC0F8EC005915CD /* World.cpp */,
				258A2EF71DC0F8EC005915CD /* World.h */,
			);
			name = Pidventure;
			sourceTree = "<group>";
		};
		257D92511D7949D1006B6512 /* Player */ = {
			isa = PBXGroup;
			children = (
				257D92551D794A63006B6512 /* Player.cpp */,
				257D92561D794A63006B6512 /* Player.h */,
				257D92571D794A63006B6512 /* PlayerInventory.cpp */,
				257D92581D794A63006B6512 /* PlayerInventory.h */,
				257D92521D794A03006B6512 /* PlayerAvatar.cpp */,
				257D92531D794A03006B6512 /* PlayerAvatar.h */,
			);
			name = Player;
			sourceTree = "<group>";
		};
		25A44AE41DAFD8CB00C6CE0C /* Gameplay */ = {
			isa = PBXGroup;
			children = (
				25A44AE51DAFD8E900C6CE0C /* Door.cpp */,
				25A44AE61DAFD8E900C6CE0C /* Door.h */,
			);
			name = Gameplay;
			sourceTree = "<group>";
		};
		25F930BC1D942C770026DA4C /* DataManual */ = {
			isa = PBXGroup;
			children = (
				25F930BD1D942CAA0026DA4C /* Animations.cpp */,
				25F930BE1D942CAA0026DA4C /* Animations.h */,
			);
			name = DataManual;
			sourceTree = "<group>";
		};
/* End PBXGroup section */

/* Begin PBXNativeTarget section */
		252E53F51D6AC32100E833F6 /* pidventure */ = {
			isa = PBXNativeTarget;
			buildConfigurationList = 252E53FD1D6AC32100E833F6 /* Build configuration list for PBXNativeTarget "pidventure" */;
			buildPhases = (
				252E53F21D6AC32100E833F6 /* Sources */,
				252E53F31D6AC32100E833F6 /* Frameworks */,
				252E53F41D6AC32100E833F6 /* CopyFiles */,
			);
			buildRules = (
			);
			dependencies = (
			);
			name = pidventure;
			productName = pidventure;
			productReference = 252E53F61D6AC32100E833F6 /* pidventure */;
			productType = "com.apple.product-type.tool";
		};
/* End PBXNativeTarget section */

/* Begin PBXProject section */
		252E53EE1D6AC32100E833F6 /* Project object */ = {
			isa = PBXProject;
			attributes = {
				LastUpgradeCheck = 0700;
				ORGANIZATIONNAME = "Magnus Runesson";
				TargetAttributes = {
					252E53F51D6AC32100E833F6 = {
						CreatedOnToolsVersion = 7.0.1;
					};
				};
			};
			buildConfigurationList = 252E53F11D6AC32100E833F6 /* Build configuration list for PBXProject "pidventure" */;
			compatibilityVersion = "Xcode 3.2";
			developmentRegion = English;
			hasScannedForEncodings = 0;
			knownRegions = (
				en,
			);
			mainGroup = 252E53ED1D6AC32100E833F6;
			productRefGroup = 252E53F71D6AC32100E833F6 /* Products */;
			projectDirPath = "";
			projectReferences = (
				{
					ProductGroup = 2559DED91F6AC75D00339F64 /* Products */;
					ProjectRef = 2559DED81F6AC75D00339F64 /* Engine.xcodeproj */;
				},
			);
			projectRoot = "";
			targets = (
				252E53F51D6AC32100E833F6 /* pidventure */,
			);
		};
/* End PBXProject section */

/* Begin PBXReferenceProxy section */
		2559DEDE1F6AC75D00339F64 /* libEngine.a */ = {
			isa = PBXReferenceProxy;
			fileType = archive.ar;
			path = libEngine.a;
			remoteRef = 2559DEDD1F6AC75D00339F64 /* PBXContainerItemProxy */;
			sourceTree = BUILT_PRODUCTS_DIR;
		};
/* End PBXReferenceProxy section */

/* Begin PBXSourcesBuildPhase section */
		252E53F21D6AC32100E833F6 /* Sources */ = {
			isa = PBXSourcesBuildPhase;
			buildActionMask = 2147483647;
			files = (
				258A2EF81DC0F8EC005915CD /* World.cpp in Sources */,
				257D92541D794A03006B6512 /* PlayerAvatar.cpp in Sources */,
				25F930A31D890D250026DA4C /* CameraController.cpp in Sources */,
				257D92591D794A63006B6512 /* Player.cpp in Sources */,
				25F930BF1D942CAA0026DA4C /* Animations.cpp in Sources */,
				25F9309A1D81BBD70026DA4C /* background.cpp in Sources */,
				257D925A1D794A63006B6512 /* PlayerInventory.cpp in Sources */,
				25A44AE71DAFD8E900C6CE0C /* Door.cpp in Sources */,
				257AE6DF1D78023D00CACB74 /* Pidventure.cpp in Sources */,
				25F930A01D87B8670026DA4C /* Physics.cpp in Sources */,
			);
			runOnlyForDeploymentPostprocessing = 0;
		};
/* End PBXSourcesBuildPhase section */

/* Begin XCBuildConfiguration section */
		252E53FB1D6AC32100E833F6 /* Debug */ = {
			isa = XCBuildConfiguration;
			buildSettings = {
				ALWAYS_SEARCH_USER_PATHS = NO;
				CLANG_CXX_LANGUAGE_STANDARD = "gnu++0x";
				CLANG_CXX_LIBRARY = "libc++";
				CLANG_ENABLE_MODULES = YES;
				CLANG_ENABLE_OBJC_ARC = YES;
				CLANG_WARN_BOOL_CONVERSION = YES;
				CLANG_WARN_CONSTANT_CONVERSION = YES;
				CLANG_WARN_DIRECT_OBJC_ISA_USAGE = YES_ERROR;
				CLANG_WARN_EMPTY_BODY = YES;
				CLANG_WARN_ENUM_CONVERSION = YES;
				CLANG_WARN_INT_CONVERSION = YES;
				CLANG_WARN_OBJC_ROOT_CLASS = YES_ERROR;
				CLANG_WARN_UNREACHABLE_CODE = YES;
				CLANG_WARN__DUPLICATE_METHOD_MATCH = YES;
				COPY_PHASE_STRIP = NO;
				DEBUG_INFORMATION_FORMAT = dwarf;
				ENABLE_STRICT_OBJC_MSGSEND = YES;
				ENABLE_TESTABILITY = YES;
				GCC_C_LANGUAGE_STANDARD = gnu99;
				GCC_DYNAMIC_NO_PIC = NO;
				GCC_NO_COMMON_BLOCKS = YES;
				GCC_OPTIMIZATION_LEVEL = 0;
				GCC_PREPROCESSOR_DEFINITIONS = (
					"DEBUG=1",
					"$(inherited)",
				);
				GCC_WARN_64_TO_32_BIT_CONVERSION = YES;
				GCC_WARN_ABOUT_RETURN_TYPE = YES_ERROR;
				GCC_WARN_UNDECLARED_SELECTOR = YES;
				GCC_WARN_UNINITIALIZED_AUTOS = YES_AGGRESSIVE;
				GCC_WARN_UNUSED_FUNCTION = YES;
				GCC_WARN_UNUSED_VARIABLE = YES;
				MACOSX_DEPLOYMENT_TARGET = 10.10;
				MTL_ENABLE_DEBUG_INFO = YES;
				ONLY_ACTIVE_ARCH = YES;
				SDKROOT = macosx;
			};
			name = Debug;
		};
		252E53FC1D6AC32100E833F6 /* Release */ = {
			isa = XCBuildConfiguration;
			buildSettings = {
				ALWAYS_SEARCH_USER_PATHS = NO;
				CLANG_CXX_LANGUAGE_STANDARD = "gnu++0x";
				CLANG_CXX_LIBRARY = "libc++";
				CLANG_ENABLE_MODULES = YES;
				CLANG_ENABLE_OBJC_ARC = YES;
				CLANG_WARN_BOOL_CONVERSION = YES;
				CLANG_WARN_CONSTANT_CONVERSION = YES;
				CLANG_WARN_DIRECT_OBJC_ISA_USAGE = YES_ERROR;
				CLANG_WARN_EMPTY_BODY = YES;
				CLANG_WARN_ENUM_CONVERSION = YES;
				CLANG_WARN_INT_CONVERSION = YES;
				CLANG_WARN_OBJC_ROOT_CLASS = YES_ERROR;
				CLANG_WARN_UNREACHABLE_CODE = YES;
				CLANG_WARN__DUPLICATE_METHOD_MATCH = YES;
				COPY_PHASE_STRIP = NO;
				DEBUG_INFORMATION_FORMAT = "dwarf-with-dsym";
				ENABLE_NS_ASSERTIONS = NO;
				ENABLE_STRICT_OBJC_MSGSEND = YES;
				GCC_C_LANGUAGE_STANDARD = gnu99;
				GCC_NO_COMMON_BLOCKS = YES;
				GCC_WARN_64_TO_32_BIT_CONVERSION = YES;
				GCC_WARN_ABOUT_RETURN_TYPE = YES_ERROR;
				GCC_WARN_UNDECLARED_SELECTOR = YES;
				GCC_WARN_UNINITIALIZED_AUTOS = YES_AGGRESSIVE;
				GCC_WARN_UNUSED_FUNCTION = YES;
				GCC_WARN_UNUSED_VARIABLE = YES;
				MACOSX_DEPLOYMENT_TARGET = 10.10;
				MTL_ENABLE_DEBUG_INFO = NO;
				SDKROOT = macosx;
			};
			name = Release;
		};
		252E53FE1D6AC32100E833F6 /* Debug */ = {
			isa = XCBuildConfiguration;
			buildSettings = {
				ALWAYS_SEARCH_USER_PATHS = NO;
				FRAMEWORK_SEARCH_PATHS = (
					"$(inherited)",
					"$(LOCAL_LIBRARY_DIR)/Frameworks",
				);
				GCC_PREPROCESSOR_DEFINITIONS = (
					ENGINE_TARGET_MACOSX,
					"DEBUG=1",
				);
				HEADER_SEARCH_PATHS = .;
				PRODUCT_NAME = "$(TARGET_NAME)";
			};
			name = Debug;
		};
		252E53FF1D6AC32100E833F6 /* Release */ = {
			isa = XCBuildConfiguration;
			buildSettings = {
				ALWAYS_SEARCH_USER_PATHS = NO;
				FRAMEWORK_SEARCH_PATHS = (
					"$(inherited)",
					"$(LOCAL_LIBRARY_DIR)/Frameworks",
				);
				GCC_PREPROCESSOR_DEFINITIONS = ENGINE_TARGET_MACOSX;
				HEADER_SEARCH_PATHS = .;
				PRODUCT_NAME = "$(TARGET_NAME)";
			};
			name = Release;
		};
/* End XCBuildConfiguration section */

/* Begin XCConfigurationList section */
		252E53F11D6AC32100E833F6 /* Build configuration list for PBXProject "pidventure" */ = {
			isa = XCConfigurationList;
			buildConfigurations = (
				252E53FB1D6AC32100E833F6 /* Debug */,
				252E53FC1D6AC32100E833F6 /* Release */,
			);
			defaultConfigurationIsVisible = 0;
			defaultConfigurationName = Release;
		};
		252E53FD1D6AC32100E833F6 /* Build configuration list for PBXNativeTarget "pidventure" */ = {
			isa = XCConfigurationList;
			buildConfigurations = (
				252E53FE1D6AC32100E833F6 /* Debug */,
				252E53FF1D6AC32100E833F6 /* Release */,
			);
			defaultConfigurationIsVisible = 0;
			defaultConfigurationName = Release;
		};
/* End XCConfigurationList section */
	};
	rootObject = 252E53EE1D6AC32100E833F6 /* Project object */;
}
